
Microsoft Visual Studio Solution File, Format Version 12.00
# Visual Studio Version 17
VisualStudioVersion = 17.4.33213.308
MinimumVisualStudioVersion = 10.0.40219.1
Project("{9A19103F-16F7-4668-BE54-9A1E7A4F7556}") = "AddrDataClient", "AddrDataClient\AddrDataClient.csproj", "{0031C28A-000B-40A0-AADE-ABB068F713C4}"
EndProject
Project("{9A19103F-16F7-4668-BE54-9A1E7A4F7556}") = "AddrDataWeb", "AddrDataWeb\AddrDataWeb.csproj", "{56EB8413-1F3A-4CB8-BC91-D7328364662F}"
EndProject
Global
	GlobalSection(SolutionConfigurationPlatforms) = preSolution
		Debug|Any CPU = Debug|Any CPU
		Release|Any CPU = Release|Any CPU
	EndGlobalSection
	GlobalSection(ProjectConfigurationPlatforms) = postSolution
		{0031C28A-000B-40A0-AADE-ABB068F713C4}.Debug|Any CPU.ActiveCfg = Debug|Any CPU
		{0031C28A-000B-40A0-AADE-ABB068F713C4}.Debug|Any CPU.Build.0 = Debug|Any CPU
		{0031C28A-000B-40A0-AADE-ABB068F713C4}.Release|Any CPU.ActiveCfg = Release|Any CPU
		{0031C28A-000B-40A0-AADE-ABB068F713C4}.Release|Any CPU.Build.0 = Release|Any CPU
		{56EB8413-1F3A-4CB8-BC91-D7328364662F}.Debug|Any CPU.ActiveCfg = Debug|Any CPU
		{56EB8413-1F3A-4CB8-BC91-D7328364662F}.Debug|Any CPU.Build.0 = Debug|Any CPU
		{56EB8413-1F3A-4CB8-BC91-D7328364662F}.Release|Any CPU.ActiveCfg = Release|Any CPU
		{56EB8413-1F3A-4CB8-BC91-D7328364662F}.Release|Any CPU.Build.0 = Release|Any CPU
	EndGlobalSection
	GlobalSection(SolutionProperties) = preSolution
		HideSolutionNode = FALSE
	EndGlobalSection
	GlobalSection(ExtensibilityGlobals) = postSolution
		SolutionGuid = {B80BD519-B148-459E-AAA8-ECE58069C170}
	EndGlobalSection
EndGlobal
